<?xml version="1.0" encoding="utf-8"?>
<Project ToolsVersion="4.0" xmlns="http://schemas.microsoft.com/developer/msbuild/2003">
  <ItemGroup>
    <Filter Include="Source Files">
      <UniqueIdentifier>{4FC737F1-C7A5-4376-A066-2A32D752A2FF}</UniqueIdentifier>
      <Extensions>cpp;c;cc;cxx;def;odl;idl;hpj;bat;asm;asmx</Extensions>
    </Filter>
    <Filter Include="Header Files">
      <UniqueIdentifier>{93995380-89BD-4b04-88EB-625FBE52EBFB}</UniqueIdentifier>
      <Extensions>h;hh;hpp;hxx;hm;inl;inc;xsd</Extensions>
    </Filter>
    <Filter Include="Resource Files">
      <UniqueIdentifier>{67DA6AB6-F800-4c08-8B7A-83BB121AAD01}</UniqueIdentifier>
      <Extensions>rc;ico;cur;bmp;dlg;rc2;rct;bin;rgs;gif;jpg;jpeg;jpe;resx;tiff;tif;png;wav</Extensions>
    </Filter>
  </ItemGroup>
  <ItemGroup>
    <ClCompile Include="bodyQuadTree.cpp">
      <Filter>Source Files</Filter>
    </ClCompile>
    <ClCompile Include="cAppMenu.cpp">
      <Filter>Source Files</Filter>
    </ClCompile>
    <ClCompile Include="cAutoUpdater.cpp">
      <Filter>Source Files</Filter>
    </ClCompile>
    <ClCompile Include="cBrush.cpp">
      <Filter>Source Files</Filter>
    </ClCompile>
    <ClCompile Include="cColorPicker.cpp">
      <Filter>Source Files</Filter>
    </ClCompile>
    <ClCompile Include="cControllerIPC.cpp">
      <Filter>Source Files</Filter>
    </ClCompile>
    <ClCompile Include="cDataController.cpp">
      <Filter>Source Files</Filter>
    </ClCompile>
    <ClCompile Include="cFileSystem.cpp">
      <Filter>Source Files</Filter>
    </ClCompile>
    <ClCompile Include="cInventoryController.cpp">
      <Filter>Source Files</Filter>
    </ClCompile>
    <ClCompile Include="cMDI.cpp">
      <Filter>Source Files</Filter>
    </ClCompile>
    <ClCompile Include="cModeMenuBar.cpp">
      <Filter>Source Files</Filter>
    </ClCompile>
    <ClCompile Include="cMRUList.cpp">
      <Filter>Source Files</Filter>
    </ClCompile>
    <ClCompile Include="cNativeController.cpp">
      <Filter>Source Files</Filter>
    </ClCompile>
    <ClCompile Include="cObjectUserData.cpp">
      <Filter>Source Files</Filter>
    </ClCompile>
    <ClCompile Include="cParallelLoop.cpp">
      <Filter>Source Files</Filter>
    </ClCompile>
    <ClCompile Include="cPhysics.cpp">
      <Filter>Source Files</Filter>
    </ClCompile>
    <ClCompile Include="cRulers.cpp">
      <Filter>Source Files</Filter>
    </ClCompile>
    <ClCompile Include="cSoundPlayer.cpp">
      <Filter>Source Files</Filter>
    </ClCompile>
    <ClCompile Include="cTextureAtlas.cpp">
      <Filter>Source Files</Filter>
    </ClCompile>
    <ClCompile Include="funcConsole.cpp">
      <Filter>Source Files</Filter>
    </ClCompile>
    <ClCompile Include="globals.cpp">
      <Filter>Source Files</Filter>
    </ClCompile>
    <ClCompile Include="globlua.cpp">
      <Filter>Source Files</Filter>
    </ClCompile>
    <ClCompile Include="main.cpp">
      <Filter>Source Files</Filter>
    </ClCompile>
    <ClCompile Include="newsReader.cpp">
      <Filter>Source Files</Filter>
    </ClCompile>
    <ClCompile Include="objQuadTree.cpp">
      <Filter>Source Files</Filter>
    </ClCompile>
    <ClCompile Include="vpFocusWidg.cpp">
      <Filter>Source Files</Filter>
    </ClCompile>
    <ClCompile Include="wViewport.cpp">
      <Filter>Source Files</Filter>
    </ClCompile>
    <ClCompile Include="databanks\anims.cpp">
      <Filter>Source Files</Filter>
    </ClCompile>
    <ClCompile Include="databanks\imageSets.cpp">
      <Filter>Source Files</Filter>
    </ClCompile>
    <ClCompile Include="databanks\logics.cpp">
      <Filter>Source Files</Filter>
    </ClCompile>
    <ClCompile Include="databanks\sounds.cpp">
      <Filter>Source Files</Filter>
    </ClCompile>
    <ClCompile Include="databanks\tiles.cpp">
      <Filter>Source Files</Filter>
    </ClCompile>
    <ClCompile Include="io\cWWDx.cpp">
      <Filter>Source Files</Filter>
    </ClCompile>
    <ClCompile Include="objedit\editAmbient.cpp">
      <Filter>Source Files</Filter>
    </ClCompile>
    <ClCompile Include="objedit\editBreakPlank.cpp">
      <Filter>Source Files</Filter>
    </ClCompile>
    <ClCompile Include="objedit\editCandy.cpp">
      <Filter>Source Files</Filter>
    </ClCompile>
    <ClCompile Include="objedit\editCheckpoint.cpp">
      <Filter>Source Files</Filter>
    </ClCompile>
    <ClCompile Include="objedit\editCrabNest.cpp">
      <Filter>Source Files</Filter>
    </ClCompile>
    <ClCompile Include="objedit\editCrate.cpp">
      <Filter>Source Files</Filter>
    </ClCompile>
    <ClCompile Include="objedit\editCrumblingPeg.cpp">
      <Filter>Source Files</Filter>
    </ClCompile>
    <ClCompile Include="objedit\editCurse.cpp">
      <Filter>Source Files</Filter>
    </ClCompile>
    <ClCompile Include="objedit\editElevator.cpp">
      <Filter>Source Files</Filter>
    </ClCompile>
    <ClCompile Include="objedit\editElevPath.cpp">
      <Filter>Source Files</Filter>
    </ClCompile>
    <ClCompile Include="objedit\editEnemy.cpp">
      <Filter>Source Files</Filter>
    </ClCompile>
    <ClCompile Include="objedit\editHealth.cpp">
      <Filter>Source Files</Filter>
    </ClCompile>
    <ClCompile Include="objedit\editLaser.cpp">
      <Filter>Source Files</Filter>
    </ClCompile>
    <ClCompile Include="objedit\editProjectile.cpp">
      <Filter>Source Files</Filter>
    </ClCompile>
    <ClCompile Include="objedit\editRope.cpp">
      <Filter>Source Files</Filter>
    </ClCompile>
    <ClCompile Include="objedit\editShake.cpp">
      <Filter>Source Files</Filter>
    </ClCompile>
    <ClCompile Include="objedit\editSpecialPowerup.cpp">
      <Filter>Source Files</Filter>
    </ClCompile>
    <ClCompile Include="objedit\editSpringboard.cpp">
      <Filter>Source Files</Filter>
    </ClCompile>
    <ClCompile Include="objedit\editStalactite.cpp">
      <Filter>Source Files</Filter>
    </ClCompile>
    <ClCompile Include="objedit\editStatue.cpp">
      <Filter>Source Files</Filter>
    </ClCompile>
    <ClCompile Include="objedit\editText.cpp">
      <Filter>Source Files</Filter>
    </ClCompile>
    <ClCompile Include="objedit\editTogglePeg.cpp">
      <Filter>Source Files</Filter>
    </ClCompile>
    <ClCompile Include="objedit\editTreasure.cpp">
      <Filter>Source Files</Filter>
    </ClCompile>
    <ClCompile Include="objedit\editWallCannon.cpp">
      <Filter>Source Files</Filter>
    </ClCompile>
    <ClCompile Include="objedit\editWarp.cpp">
      <Filter>Source Files</Filter>
    </ClCompile>
    <ClCompile Include="objedit\procPickRect.cpp">
      <Filter>Source Files</Filter>
    </ClCompile>
    <ClCompile Include="objedit\winInventoryPickbox.cpp">
      <Filter>Source Files</Filter>
    </ClCompile>
    <ClCompile Include="rendering\cRenderableItem.cpp">
      <Filter>Source Files</Filter>
    </ClCompile>
    <ClCompile Include="states\editing_ww.cpp">
      <Filter>Source Files</Filter>
    </ClCompile>
    <ClCompile Include="states\imageDetails.cpp">
      <Filter>Source Files</Filter>
    </ClCompile>
    <ClCompile Include="states\imageImport.cpp">
      <Filter>Source Files</Filter>
    </ClCompile>
    <ClCompile Include="states\loadmap.cpp">
      <Filter>Source Files</Filter>
    </ClCompile>
    <ClCompile Include="states\mapshot.cpp">
      <Filter>Source Files</Filter>
    </ClCompile>
    <ClCompile Include="states\objedit.cpp">
      <Filter>Source Files</Filter>
    </ClCompile>
    <ClCompile Include="states\objprop.cpp">
      <Filter>Source Files</Filter>
    </ClCompile>
    <ClCompile Include="states\stats.cpp">
      <Filter>Source Files</Filter>
    </ClCompile>
    <ClCompile Include="states\editing_ww\alActionListener.cpp">
      <Filter>Source Files</Filter>
    </ClCompile>
    <ClCompile Include="states\editing_ww\cLayerRenderBuffer.cpp">
      <Filter>Source Files</Filter>
    </ClCompile>
    <ClCompile Include="states\editing_ww\lmListModel.cpp">
      <Filter>Source Files</Filter>
    </ClCompile>
    <ClCompile Include="states\editing_ww\modeObject.cpp">
      <Filter>Source Files</Filter>
    </ClCompile>
    <ClCompile Include="states\editing_ww\modeTile.cpp">
      <Filter>Source Files</Filter>
    </ClCompile>
    <ClCompile Include="states\editing_ww\procHotkeysHandle.cpp">
      <Filter>Source Files</Filter>
    </ClCompile>
    <ClCompile Include="states\editing_ww\rendering.cpp">
      <Filter>Source Files</Filter>
    </ClCompile>
    <ClCompile Include="states\editing_ww\vpCallback.cpp">
      <Filter>Source Files</Filter>
    </ClCompile>
    <ClCompile Include="states\editing_ww\vPort.cpp">
      <Filter>Source Files</Filter>
    </ClCompile>
    <ClCompile Include="states\editing_ww\winDatabase.cpp">
      <Filter>Source Files</Filter>
    </ClCompile>
    <ClCompile Include="states\editing_ww\winFirstRun.cpp">
      <Filter>Source Files</Filter>
    </ClCompile>
    <ClCompile Include="states\editing_ww\winNewMap.cpp">
      <Filter>Source Files</Filter>
    </ClCompile>
    <ClCompile Include="states\editing_ww\winPlaneProperties.cpp">
      <Filter>Source Files</Filter>
    </ClCompile>
    <ClCompile Include="windows\about.cpp">
      <Filter>Source Files</Filter>
    </ClCompile>
    <ClCompile Include="windows\imgsetBrowser.cpp">
      <Filter>Source Files</Filter>
    </ClCompile>
    <ClCompile Include="windows\options.cpp">
      <Filter>Source Files</Filter>
    </ClCompile>
    <ClCompile Include="windows\tileBrowser.cpp">
      <Filter>Source Files</Filter>
    </ClCompile>
    <ClCompile Include="..\shared\cANI.cpp">
      <Filter>Source Files</Filter>
    </ClCompile>
    <ClCompile Include="..\shared\cConsole.cpp">
      <Filter>Source Files</Filter>
    </ClCompile>
    <ClCompile Include="..\shared\cInterface.cpp">
      <Filter>Source Files</Filter>
    </ClCompile>
    <ClCompile Include="..\shared\cLang.cpp">
      <Filter>Source Files</Filter>
    </ClCompile>
    <ClCompile Include="..\shared\commonFunc.cpp">
      <Filter>Source Files</Filter>
    </ClCompile>
    <ClCompile Include="..\shared\cPID.cpp">
      <Filter>Source Files</Filter>
    </ClCompile>
    <ClCompile Include="..\shared\cPieChart.cpp">
      <Filter>Source Files</Filter>
    </ClCompile>
    <ClCompile Include="..\shared\cProgressInfo.cpp">
      <Filter>Source Files</Filter>
    </ClCompile>
    <ClCompile Include="..\shared\cREZ.cpp">
      <Filter>Source Files</Filter>
    </ClCompile>
    <ClCompile Include="..\shared\cSFS.cpp">
      <Filter>Source Files</Filter>
    </ClCompile>
    <ClCompile Include="..\shared\cStateMgr.cpp">
      <Filter>Source Files</Filter>
    </ClCompile>
    <ClCompile Include="..\shared\cWWD.cpp">
      <Filter>Source Files</Filter>
    </ClCompile>
    <ClCompile Include="..\shared\gcnwidgets\cTooltip.cpp">
      <Filter>Source Files</Filter>
    </ClCompile>
    <ClCompile Include="..\shared\gcnwidgets\wButton.cpp">
      <Filter>Source Files</Filter>
    </ClCompile>
    <ClCompile Include="..\shared\gcnwidgets\wCheckbox.cpp">
      <Filter>Source Files</Filter>
    </ClCompile>
    <ClCompile Include="..\shared\gcnwidgets\wComboButton.cpp">
      <Filter>Source Files</Filter>
    </ClCompile>
    <ClCompile Include="..\shared\gcnwidgets\wContainer.cpp">
      <Filter>Source Files</Filter>
    </ClCompile>
    <ClCompile Include="..\shared\gcnwidgets\wContext.cpp">
      <Filter>Source Files</Filter>
    </ClCompile>
    <ClCompile Include="..\shared\gcnwidgets\wDropDown.cpp">
      <Filter>Source Files</Filter>
    </ClCompile>
    <ClCompile Include="..\shared\gcnwidgets\wInventory.cpp">
      <Filter>Source Files</Filter>
    </ClCompile>
    <ClCompile Include="..\shared\gcnwidgets\wLabel.cpp">
      <Filter>Source Files</Filter>
    </ClCompile>
    <ClCompile Include="..\shared\gcnwidgets\wLink.cpp">
      <Filter>Source Files</Filter>
    </ClCompile>
    <ClCompile Include="..\shared\gcnwidgets\wListbox.cpp">
      <Filter>Source Files</Filter>
    </ClCompile>
    <ClCompile Include="..\shared\gcnwidgets\wProgressBar.cpp">
      <Filter>Source Files</Filter>
    </ClCompile>
    <ClCompile Include="..\shared\gcnwidgets\wRadioBut.cpp">
      <Filter>Source Files</Filter>
    </ClCompile>
    <ClCompile Include="..\shared\gcnwidgets\wScrollArea.cpp">
      <Filter>Source Files</Filter>
    </ClCompile>
    <ClCompile Include="..\shared\gcnwidgets\wSlider.cpp">
      <Filter>Source Files</Filter>
    </ClCompile>
    <ClCompile Include="..\shared\gcnwidgets\wTab.cpp">
      <Filter>Source Files</Filter>
    </ClCompile>
    <ClCompile Include="..\shared\gcnwidgets\wTabbedArea.cpp">
      <Filter>Source Files</Filter>
    </ClCompile>
    <ClCompile Include="..\shared\gcnwidgets\wTextBox.cpp">
      <Filter>Source Files</Filter>
    </ClCompile>
    <ClCompile Include="..\shared\gcnwidgets\wTextDropDown.cpp">
      <Filter>Source Files</Filter>
    </ClCompile>
    <ClCompile Include="..\shared\gcnwidgets\wTextField.cpp">
      <Filter>Source Files</Filter>
    </ClCompile>
    <ClCompile Include="..\shared\gcnwidgets\wTree.cpp">
      <Filter>Source Files</Filter>
    </ClCompile>
    <ClCompile Include="..\shared\gcnwidgets\wWin.cpp">
      <Filter>Source Files</Filter>
    </ClCompile>
    <ClCompile Include="..\shared\gcnwidgets\wWinMgr.cpp">
      <Filter>Source Files</Filter>
    </ClCompile>
    <ClCompile Include="..\shared\guichan\actionevent.cpp">
      <Filter>Source Files</Filter>
    </ClCompile>
    <ClCompile Include="..\shared\guichan\basiccontainer.cpp">
      <Filter>Source Files</Filter>
    </ClCompile>
    <ClCompile Include="..\shared\guichan\cliprectangle.cpp">
      <Filter>Source Files</Filter>
    </ClCompile>
    <ClCompile Include="..\shared\guichan\color.cpp">
      <Filter>Source Files</Filter>
    </ClCompile>
    <ClCompile Include="..\shared\guichan\defaultfont.cpp">
      <Filter>Source Files</Filter>
    </ClCompile>
    <ClCompile Include="..\shared\guichan\event.cpp">
      <Filter>Source Files</Filter>
    </ClCompile>
    <ClCompile Include="..\shared\guichan\exception.cpp">
      <Filter>Source Files</Filter>
    </ClCompile>
    <ClCompile Include="..\shared\guichan\focushandler.cpp">
      <Filter>Source Files</Filter>
    </ClCompile>
    <ClCompile Include="..\shared\guichan\font.cpp">
      <Filter>Source Files</Filter>
    </ClCompile>
    <ClCompile Include="..\shared\guichan\genericinput.cpp">
      <Filter>Source Files</Filter>
    </ClCompile>
    <ClCompile Include="..\shared\guichan\graphics.cpp">
      <Filter>Source Files</Filter>
    </ClCompile>
    <ClCompile Include="..\shared\guichan\gui.cpp">
      <Filter>Source Files</Filter>
    </ClCompile>
    <ClCompile Include="..\shared\guichan\guichan.cpp">
      <Filter>Source Files</Filter>
    </ClCompile>
    <ClCompile Include="..\shared\guichan\image.cpp">
      <Filter>Source Files</Filter>
    </ClCompile>
    <ClCompile Include="..\shared\guichan\imagefont.cpp">
      <Filter>Source Files</Filter>
    </ClCompile>
    <ClCompile Include="..\shared\guichan\inputevent.cpp">
      <Filter>Source Files</Filter>
    </ClCompile>
    <ClCompile Include="..\shared\guichan\key.cpp">
      <Filter>Source Files</Filter>
    </ClCompile>
    <ClCompile Include="..\shared\guichan\keyevent.cpp">
      <Filter>Source Files</Filter>
    </ClCompile>
    <ClCompile Include="..\shared\guichan\keyinput.cpp">
      <Filter>Source Files</Filter>
    </ClCompile>
    <ClCompile Include="..\shared\guichan\mouseevent.cpp">
      <Filter>Source Files</Filter>
    </ClCompile>
    <ClCompile Include="..\shared\guichan\mouseinput.cpp">
      <Filter>Source Files</Filter>
    </ClCompile>
    <ClCompile Include="..\shared\guichan\rectangle.cpp">
      <Filter>Source Files</Filter>
    </ClCompile>
    <ClCompile Include="..\shared\guichan\selectionevent.cpp">
      <Filter>Source Files</Filter>
    </ClCompile>
    <ClCompile Include="..\shared\guichan\widget.cpp">
      <Filter>Source Files</Filter>
    </ClCompile>
    <ClCompile Include="..\shared\guichan\hge\hgegraphics.cpp">
      <Filter>Source Files</Filter>
    </ClCompile>
    <ClCompile Include="..\shared\guichan\hge\hgeimage.cpp">
      <Filter>Source Files</Filter>
    </ClCompile>
    <ClCompile Include="..\shared\guichan\hge\hgeimagefont.cpp">
      <Filter>Source Files</Filter>
    </ClCompile>
    <ClCompile Include="..\shared\guichan\hge\hgeimageloader.cpp">
      <Filter>Source Files</Filter>
    </ClCompile>
    <ClCompile Include="..\shared\guichan\hge\hgeinput.cpp">
      <Filter>Source Files</Filter>
    </ClCompile>
    <ClCompile Include="..\shared\guichan\widgets\button.cpp">
      <Filter>Source Files</Filter>
    </ClCompile>
    <ClCompile Include="..\shared\guichan\widgets\checkbox.cpp">
      <Filter>Source Files</Filter>
    </ClCompile>
    <ClCompile Include="..\shared\guichan\widgets\container.cpp">
      <Filter>Source Files</Filter>
    </ClCompile>
    <ClCompile Include="..\shared\guichan\widgets\dropdown.cpp">
      <Filter>Source Files</Filter>
    </ClCompile>
    <ClCompile Include="..\shared\guichan\widgets\icon.cpp">
      <Filter>Source Files</Filter>
    </ClCompile>
    <ClCompile Include="..\shared\guichan\widgets\imagebutton.cpp">
      <Filter>Source Files</Filter>
    </ClCompile>
    <ClCompile Include="..\shared\guichan\widgets\label.cpp">
      <Filter>Source Files</Filter>
    </ClCompile>
    <ClCompile Include="..\shared\guichan\widgets\listbox.cpp">
      <Filter>Source Files</Filter>
    </ClCompile>
    <ClCompile Include="..\shared\guichan\widgets\radiobutton.cpp">
      <Filter>Source Files</Filter>
    </ClCompile>
    <ClCompile Include="..\shared\guichan\widgets\scrollarea.cpp">
      <Filter>Source Files</Filter>
    </ClCompile>
    <ClCompile Include="..\shared\guichan\widgets\slider.cpp">
      <Filter>Source Files</Filter>
    </ClCompile>
    <ClCompile Include="..\shared\guichan\widgets\tab.cpp">
      <Filter>Source Files</Filter>
    </ClCompile>
    <ClCompile Include="..\shared\guichan\widgets\tabbedarea.cpp">
      <Filter>Source Files</Filter>
    </ClCompile>
    <ClCompile Include="..\shared\guichan\widgets\textbox.cpp">
      <Filter>Source Files</Filter>
    </ClCompile>
    <ClCompile Include="..\shared\guichan\widgets\textfield.cpp">
      <Filter>Source Files</Filter>
    </ClCompile>
    <ClCompile Include="..\shared\guichan\widgets\window.cpp">
      <Filter>Source Files</Filter>
    </ClCompile>
    <ClCompile Include="..\shared\hashlib\hl_md5.cpp">
      <Filter>Source Files</Filter>
    </ClCompile>
    <ClCompile Include="..\shared\hashlib\hl_md5wrapper.cpp">
      <Filter>Source Files</Filter>
    </ClCompile>
    <ClCompile Include="..\shared\hashlib\hl_sha1.cpp">
      <Filter>Source Files</Filter>
    </ClCompile>
    <ClCompile Include="..\shared\hashlib\hl_sha1wrapper.cpp">
      <Filter>Source Files</Filter>
    </ClCompile>
    <ClCompile Include="..\shared\hashlib\hl_sha256.cpp">
      <Filter>Source Files</Filter>
    </ClCompile>
    <ClCompile Include="..\shared\hashlib\hl_sha256wrapper.cpp">
      <Filter>Source Files</Filter>
    </ClCompile>
    <ClCompile Include="..\shared\hashlib\hl_sha2ext.cpp">
      <Filter>Source Files</Filter>
    </ClCompile>
    <ClCompile Include="..\shared\hashlib\hl_sha384wrapper.cpp">
      <Filter>Source Files</Filter>
    </ClCompile>
    <ClCompile Include="..\shared\hashlib\hl_sha512wrapper.cpp">
      <Filter>Source Files</Filter>
    </ClCompile>
    <ClCompile Include="..\shared\ZipLib\ZipArchive.cpp">
      <Filter>Source Files</Filter>
    </ClCompile>
    <ClCompile Include="..\shared\ZipLib\ZipArchiveEntry.cpp">
      <Filter>Source Files</Filter>
    </ClCompile>
    <ClCompile Include="..\shared\ZipLib\detail\EndOfCentralDirectoryBlock.cpp">
      <Filter>Source Files</Filter>
    </ClCompile>
    <ClCompile Include="..\shared\ZipLib\detail\ZipCentralDirectoryFileHeader.cpp">
      <Filter>Source Files</Filter>
    </ClCompile>
    <ClCompile Include="..\shared\ZipLib\detail\ZipGenericExtraField.cpp">
      <Filter>Source Files</Filter>
    </ClCompile>
    <ClCompile Include="..\shared\ZipLib\detail\ZipLocalFileHeader.cpp">
      <Filter>Source Files</Filter>
    </ClCompile>
    <ClCompile Include="objedit\editSoundTrigger.cpp">
      <Filter>Source Files</Filter>
    </ClCompile>
    <ClCompile Include="objEdit\procPickXYLockable.cpp">
      <Filter>Source Files</Filter>
    </ClCompile>
    <ClCompile Include="objEdit\editFloorSpike.cpp">
      <Filter>Source Files</Filter>
    </ClCompile>
    <ClCompile Include="..\shared\gcnWidgets\wIconListbox.cpp">
      <Filter>Source Files</Filter>
    </ClCompile>
    <ClCompile Include="..\shared\cWMD.cpp">
      <Filter>Source Files</Filter>
    </ClCompile>
    <ClCompile Include="..\shared\guichan\focusevent.cpp">
      <Filter>Source Files</Filter>
    </ClCompile>
    <ClCompile Include="states\dialog.cpp">
      <Filter>Source Files</Filter>
    </ClCompile>
  </ItemGroup>
  <ItemGroup>
    <ClInclude Include="bodyQuadTree.h">
      <Filter>Header Files</Filter>
    </ClInclude>
    <ClInclude Include="cAppMenu.h">
      <Filter>Header Files</Filter>
    </ClInclude>
    <ClInclude Include="cAutoUpdater.h">
      <Filter>Header Files</Filter>
    </ClInclude>
    <ClInclude Include="cBrush.h">
      <Filter>Header Files</Filter>
    </ClInclude>
    <ClInclude Include="cColorPicker.h">
      <Filter>Header Files</Filter>
    </ClInclude>
    <ClInclude Include="cControllerIPC.h">
      <Filter>Header Files</Filter>
    </ClInclude>
    <ClInclude Include="cDataController.h">
      <Filter>Header Files</Filter>
    </ClInclude>
    <ClInclude Include="cFileSystem.h">
      <Filter>Header Files</Filter>
    </ClInclude>
    <ClInclude Include="cInterfaceSheet.h">
      <Filter>Header Files</Filter>
    </ClInclude>
    <ClInclude Include="cInventoryController.h">
      <Filter>Header Files</Filter>
    </ClInclude>
    <ClInclude Include="cMDI.h">
      <Filter>Header Files</Filter>
    </ClInclude>
    <ClInclude Include="cModeMenuBar.h">
      <Filter>Header Files</Filter>
    </ClInclude>
    <ClInclude Include="cMRUList.h">
      <Filter>Header Files</Filter>
    </ClInclude>
    <ClInclude Include="cNativeController.h">
      <Filter>Header Files</Filter>
    </ClInclude>
    <ClInclude Include="cObjectUserData.h">
      <Filter>Header Files</Filter>
    </ClInclude>
    <ClInclude Include="cParallelLoop.h">
      <Filter>Header Files</Filter>
    </ClInclude>
    <ClInclude Include="cPhysics.h">
      <Filter>Header Files</Filter>
    </ClInclude>
    <ClInclude Include="cRulers.h">
      <Filter>Header Files</Filter>
    </ClInclude>
    <ClInclude Include="cSoundPlayer.h">
      <Filter>Header Files</Filter>
    </ClInclude>
    <ClInclude Include="cTextureAtlas.h">
      <Filter>Header Files</Filter>
    </ClInclude>
    <ClInclude Include="cTileGhost.h">
      <Filter>Header Files</Filter>
    </ClInclude>
    <ClInclude Include="funcConsole.h">
      <Filter>Header Files</Filter>
    </ClInclude>
    <ClInclude Include="globals.h">
      <Filter>Header Files</Filter>
    </ClInclude>
    <ClInclude Include="globlua.h">
      <Filter>Header Files</Filter>
    </ClInclude>
    <ClInclude Include="langID.h">
      <Filter>Header Files</Filter>
    </ClInclude>
    <ClInclude Include="newsReader.h">
      <Filter>Header Files</Filter>
    </ClInclude>
    <ClInclude Include="objQuadTree.h">
      <Filter>Header Files</Filter>
    </ClInclude>
    <ClInclude Include="returncodes.h">
      <Filter>Header Files</Filter>
    </ClInclude>
    <ClInclude Include="vpFocusWidg.h">
      <Filter>Header Files</Filter>
    </ClInclude>
    <ClInclude Include="wViewport.h">
      <Filter>Header Files</Filter>
    </ClInclude>
    <ClInclude Include="databanks\anims.h">
      <Filter>Header Files</Filter>
    </ClInclude>
    <ClInclude Include="databanks\imageSets.h">
      <Filter>Header Files</Filter>
    </ClInclude>
    <ClInclude Include="databanks\logics.h">
      <Filter>Header Files</Filter>
    </ClInclude>
    <ClInclude Include="databanks\sounds.h">
      <Filter>Header Files</Filter>
    </ClInclude>
    <ClInclude Include="databanks\tiles.h">
      <Filter>Header Files</Filter>
    </ClInclude>
    <ClInclude Include="io\cWWDx.h">
      <Filter>Header Files</Filter>
    </ClInclude>
    <ClInclude Include="objedit\editAmbient.h">
      <Filter>Header Files</Filter>
    </ClInclude>
    <ClInclude Include="objedit\editBreakPlank.h">
      <Filter>Header Files</Filter>
    </ClInclude>
    <ClInclude Include="objedit\editCandy.h">
      <Filter>Header Files</Filter>
    </ClInclude>
    <ClInclude Include="objedit\editCheckpoint.h">
      <Filter>Header Files</Filter>
    </ClInclude>
    <ClInclude Include="objedit\editCrabNest.h">
      <Filter>Header Files</Filter>
    </ClInclude>
    <ClInclude Include="objedit\editCrate.h">
      <Filter>Header Files</Filter>
    </ClInclude>
    <ClInclude Include="objedit\editCrumblingPeg.h">
      <Filter>Header Files</Filter>
    </ClInclude>
    <ClInclude Include="objedit\editCurse.h">
      <Filter>Header Files</Filter>
    </ClInclude>
    <ClInclude Include="objedit\editElevator.h">
      <Filter>Header Files</Filter>
    </ClInclude>
    <ClInclude Include="objedit\editElevPath.h">
      <Filter>Header Files</Filter>
    </ClInclude>
    <ClInclude Include="objedit\editEnemy.h">
      <Filter>Header Files</Filter>
    </ClInclude>
    <ClInclude Include="objedit\editHealth.h">
      <Filter>Header Files</Filter>
    </ClInclude>
    <ClInclude Include="objedit\editLaser.h">
      <Filter>Header Files</Filter>
    </ClInclude>
    <ClInclude Include="objedit\editProjectile.h">
      <Filter>Header Files</Filter>
    </ClInclude>
    <ClInclude Include="objedit\editRope.h">
      <Filter>Header Files</Filter>
    </ClInclude>
    <ClInclude Include="objedit\editShake.h">
      <Filter>Header Files</Filter>
    </ClInclude>
    <ClInclude Include="objedit\editSpecialPowerup.h">
      <Filter>Header Files</Filter>
    </ClInclude>
    <ClInclude Include="objedit\editSpringboard.h">
      <Filter>Header Files</Filter>
    </ClInclude>
    <ClInclude Include="objedit\editStalactite.h">
      <Filter>Header Files</Filter>
    </ClInclude>
    <ClInclude Include="objedit\editStatue.h">
      <Filter>Header Files</Filter>
    </ClInclude>
    <ClInclude Include="objedit\editText.h">
      <Filter>Header Files</Filter>
    </ClInclude>
    <ClInclude Include="objedit\editTogglePeg.h">
      <Filter>Header Files</Filter>
    </ClInclude>
    <ClInclude Include="objedit\editTreasure.h">
      <Filter>Header Files</Filter>
    </ClInclude>
    <ClInclude Include="objedit\editWallCannon.h">
      <Filter>Header Files</Filter>
    </ClInclude>
    <ClInclude Include="objedit\editWarp.h">
      <Filter>Header Files</Filter>
    </ClInclude>
    <ClInclude Include="objedit\procPickRect.h">
      <Filter>Header Files</Filter>
    </ClInclude>
    <ClInclude Include="objedit\winInventoryPickbox.h">
      <Filter>Header Files</Filter>
    </ClInclude>
    <ClInclude Include="rendering\cRenderableItem.h">
      <Filter>Header Files</Filter>
    </ClInclude>
    <ClInclude Include="states\editing_ww.h">
      <Filter>Header Files</Filter>
    </ClInclude>
    <ClInclude Include="states\imageDetails.h">
      <Filter>Header Files</Filter>
    </ClInclude>
    <ClInclude Include="states\imageImport.h">
      <Filter>Header Files</Filter>
    </ClInclude>
    <ClInclude Include="states\loadmap.h">
      <Filter>Header Files</Filter>
    </ClInclude>
    <ClInclude Include="states\mapshot.h">
      <Filter>Header Files</Filter>
    </ClInclude>
    <ClInclude Include="states\objedit.h">
      <Filter>Header Files</Filter>
    </ClInclude>
    <ClInclude Include="states\objprop.h">
      <Filter>Header Files</Filter>
    </ClInclude>
    <ClInclude Include="states\stats.h">
      <Filter>Header Files</Filter>
    </ClInclude>
    <ClInclude Include="windows\about.h">
      <Filter>Header Files</Filter>
    </ClInclude>
    <ClInclude Include="windows\imgsetBrowser.h">
      <Filter>Header Files</Filter>
    </ClInclude>
    <ClInclude Include="windows\options.h">
      <Filter>Header Files</Filter>
    </ClInclude>
    <ClInclude Include="windows\tileBrowser.h">
      <Filter>Header Files</Filter>
    </ClInclude>
    <ClInclude Include="windows\window.h">
      <Filter>Header Files</Filter>
    </ClInclude>
    <ClInclude Include="..\shared\cANI.h">
      <Filter>Header Files</Filter>
    </ClInclude>
    <ClInclude Include="..\shared\cConsole.h">
      <Filter>Header Files</Filter>
    </ClInclude>
    <ClInclude Include="..\shared\cGUIparts.h">
      <Filter>Header Files</Filter>
    </ClInclude>
    <ClInclude Include="..\shared\cInterface.h">
      <Filter>Header Files</Filter>
    </ClInclude>
    <ClInclude Include="..\shared\cLang.h">
      <Filter>Header Files</Filter>
    </ClInclude>
    <ClInclude Include="..\shared\commonFunc.h">
      <Filter>Header Files</Filter>
    </ClInclude>
    <ClInclude Include="..\shared\cPID.h">
      <Filter>Header Files</Filter>
    </ClInclude>
    <ClInclude Include="..\shared\cPieChart.h">
      <Filter>Header Files</Filter>
    </ClInclude>
    <ClInclude Include="..\shared\cProgressInfo.h">
      <Filter>Header Files</Filter>
    </ClInclude>
    <ClInclude Include="..\shared\cREZ.h">
      <Filter>Header Files</Filter>
    </ClInclude>
    <ClInclude Include="..\shared\cSFS.h">
      <Filter>Header Files</Filter>
    </ClInclude>
    <ClInclude Include="..\shared\cStateMgr.h">
      <Filter>Header Files</Filter>
    </ClInclude>
    <ClInclude Include="..\shared\cWWD.h">
      <Filter>Header Files</Filter>
    </ClInclude>
    <ClInclude Include="..\shared\SimpleIni.h">
      <Filter>Header Files</Filter>
    </ClInclude>
    <ClInclude Include="..\shared\gcnwidgets\cTooltip.h">
      <Filter>Header Files</Filter>
    </ClInclude>
    <ClInclude Include="..\shared\gcnwidgets\wButton.h">
      <Filter>Header Files</Filter>
    </ClInclude>
    <ClInclude Include="..\shared\gcnwidgets\wCheckbox.h">
      <Filter>Header Files</Filter>
    </ClInclude>
    <ClInclude Include="..\shared\gcnwidgets\wComboButton.h">
      <Filter>Header Files</Filter>
    </ClInclude>
    <ClInclude Include="..\shared\gcnwidgets\wContainer.h">
      <Filter>Header Files</Filter>
    </ClInclude>
    <ClInclude Include="..\shared\gcnwidgets\wContext.h">
      <Filter>Header Files</Filter>
    </ClInclude>
    <ClInclude Include="..\shared\gcnwidgets\wDropDown.h">
      <Filter>Header Files</Filter>
    </ClInclude>
    <ClInclude Include="..\shared\gcnwidgets\wInventory.h">
      <Filter>Header Files</Filter>
    </ClInclude>
    <ClInclude Include="..\shared\gcnwidgets\wLabel.h">
      <Filter>Header Files</Filter>
    </ClInclude>
    <ClInclude Include="..\shared\gcnwidgets\wLink.h">
      <Filter>Header Files</Filter>
    </ClInclude>
    <ClInclude Include="..\shared\gcnwidgets\wListbox.h">
      <Filter>Header Files</Filter>
    </ClInclude>
    <ClInclude Include="..\shared\gcnwidgets\wProgressBar.h">
      <Filter>Header Files</Filter>
    </ClInclude>
    <ClInclude Include="..\shared\gcnwidgets\wRadioBut.h">
      <Filter>Header Files</Filter>
    </ClInclude>
    <ClInclude Include="..\shared\gcnwidgets\wScrollArea.h">
      <Filter>Header Files</Filter>
    </ClInclude>
    <ClInclude Include="..\shared\gcnwidgets\wSlider.h">
      <Filter>Header Files</Filter>
    </ClInclude>
    <ClInclude Include="..\shared\gcnwidgets\wTab.h">
      <Filter>Header Files</Filter>
    </ClInclude>
    <ClInclude Include="..\shared\gcnwidgets\wTabbedArea.h">
      <Filter>Header Files</Filter>
    </ClInclude>
    <ClInclude Include="..\shared\gcnwidgets\wTextBox.h">
      <Filter>Header Files</Filter>
    </ClInclude>
    <ClInclude Include="..\shared\gcnwidgets\wTextDropDown.h">
      <Filter>Header Files</Filter>
    </ClInclude>
    <ClInclude Include="..\shared\gcnwidgets\wTextField.h">
      <Filter>Header Files</Filter>
    </ClInclude>
    <ClInclude Include="..\shared\gcnwidgets\wTree.h">
      <Filter>Header Files</Filter>
    </ClInclude>
    <ClInclude Include="..\shared\gcnwidgets\wWin.h">
      <Filter>Header Files</Filter>
    </ClInclude>
    <ClInclude Include="..\shared\gcnwidgets\wWinMgr.h">
      <Filter>Header Files</Filter>
    </ClInclude>
    <ClInclude Include="..\shared\hashlib\hashlibpp.h">
      <Filter>Header Files</Filter>
    </ClInclude>
    <ClInclude Include="..\shared\hashlib\hl_exception.h">
      <Filter>Header Files</Filter>
    </ClInclude>
    <ClInclude Include="..\shared\hashlib\hl_hashwrapper.h">
      <Filter>Header Files</Filter>
    </ClInclude>
    <ClInclude Include="..\shared\hashlib\hl_md5.h">
      <Filter>Header Files</Filter>
    </ClInclude>
    <ClInclude Include="..\shared\hashlib\hl_md5wrapper.h">
      <Filter>Header Files</Filter>
    </ClInclude>
    <ClInclude Include="..\shared\hashlib\hl_sha1.h">
      <Filter>Header Files</Filter>
    </ClInclude>
    <ClInclude Include="..\shared\hashlib\hl_sha1wrapper.h">
      <Filter>Header Files</Filter>
    </ClInclude>
    <ClInclude Include="..\shared\hashlib\hl_sha256.h">
      <Filter>Header Files</Filter>
    </ClInclude>
    <ClInclude Include="..\shared\hashlib\hl_sha256wrapper.h">
      <Filter>Header Files</Filter>
    </ClInclude>
    <ClInclude Include="..\shared\hashlib\hl_sha2ext.h">
      <Filter>Header Files</Filter>
    </ClInclude>
    <ClInclude Include="..\shared\hashlib\hl_sha2mac.h">
      <Filter>Header Files</Filter>
    </ClInclude>
    <ClInclude Include="..\shared\hashlib\hl_sha384wrapper.h">
      <Filter>Header Files</Filter>
    </ClInclude>
    <ClInclude Include="..\shared\hashlib\hl_sha512wrapper.h">
      <Filter>Header Files</Filter>
    </ClInclude>
    <ClInclude Include="..\shared\hashlib\hl_types.h">
      <Filter>Header Files</Filter>
    </ClInclude>
    <ClInclude Include="..\shared\il\config.h">
      <Filter>Header Files</Filter>
    </ClInclude>
    <ClInclude Include="..\shared\il\devil_internal_exports.h">
      <Filter>Header Files</Filter>
    </ClInclude>
    <ClInclude Include="..\shared\il\il.h">
      <Filter>Header Files</Filter>
    </ClInclude>
    <ClInclude Include="..\shared\il\ilu.h">
      <Filter>Header Files</Filter>
    </ClInclude>
    <ClInclude Include="..\shared\il\ilut.h">
      <Filter>Header Files</Filter>
    </ClInclude>
    <ClInclude Include="..\shared\il\ilut_config.h">
      <Filter>Header Files</Filter>
    </ClInclude>
    <ClInclude Include="..\shared\il\ilu_region.h">
      <Filter>Header Files</Filter>
    </ClInclude>
    <ClInclude Include="..\shared\il\il_wrap.h">
      <Filter>Header Files</Filter>
    </ClInclude>
    <ClInclude Include="version.h">
      <Filter>Header Files</Filter>
    </ClInclude>
    <ClInclude Include="resources.h">
      <Filter>Header Files</Filter>
    </ClInclude>
    <ClInclude Include="objedit\editSoundTrigger.h">
      <Filter>Header Files</Filter>
    </ClInclude>
    <ClInclude Include="objEdit\procPickXYLockable.h">
      <Filter>Header Files</Filter>
    </ClInclude>
    <ClInclude Include="objEdit\editFloorSpike.h">
      <Filter>Header Files</Filter>
    </ClInclude>
    <ClInclude Include="..\shared\gcnWidgets\wIconListbox.h">
      <Filter>Header Files</Filter>
    </ClInclude>
    <ClInclude Include="..\shared\cWMD.h">
      <Filter>Header Files</Filter>
    </ClInclude>
    <ClInclude Include="states\dialog.h">
      <Filter>Header Files</Filter>
    </ClInclude>
  </ItemGroup>
  <ItemGroup>
    <ResourceCompile Include="res.rc">
      <Filter>Resource Files</Filter>
    </ResourceCompile>
  </ItemGroup>
  <ItemGroup>
    <Image Include="..\res\100.ico">
      <Filter>Resource Files</Filter>
    </Image>
  </ItemGroup>
  <ItemGroup>
    <None Include="..\res\WMUpdater.exe">
      <Filter>Resource Files</Filter>
    </None>
  </ItemGroup>
  <ItemGroup>
    <Manifest Include="app.manifest" />
  </ItemGroup>
</Project>