<?xml version="1.0" encoding="UTF-8" standalone="yes" ?>
<CodeBlocks_project_file>
	<FileVersion major="1" minor="6" />
	<Project>
		<Option title="WapMap" />
		<Option pch_mode="2" />
		<Option compiler="gcc" />
		<Build>
			<Target title="Debug">
				<Option output="../bin/Debug/WapMap_deb" prefix_auto="1" extension_auto="1" />
				<Option working_dir="../bin/Debug/" />
				<Option object_output="../obj/Debug/" />
				<Option type="1" />
				<Option compiler="gcc" />
				<Compiler>
					<Add option="-g" />
					<Add option="-DBUILD_DEBUG" />
					<Add option="-DSHOWMEMUSAGE" />
				</Compiler>
				<Linker>
					<Add library="Psapi" />
					<Add library="sfml-graphics-s-d" />
					<Add library="sfml-window-s-d" />
					<Add library="sfml-system-s-d" />
					<Add library="opengl32" />
					<Add library="freetype" />
				</Linker>
			</Target>
			<Target title="Release">
				<Option output="../bin/Debug/WapMap" prefix_auto="1" extension_auto="1" />
				<Option working_dir="../bin/Debug/" />
				<Option object_output="../obj/Release/" />
				<Option type="0" />
				<Option compiler="gcc" />
				<Compiler>
					<Add option="-Os" />
					<Add option="-O3" />
					<Add option="-O2" />
					<Add option="-O1" />
					<Add option="-O" />
					<Add option="-DBUILD_RELEASE" />
				</Compiler>
				<Linker>
					<Add option="-s" />
					<Add library="sfml-graphics-s" />
					<Add library="sfml-window-s" />
					<Add library="sfml-system-s" />
					<Add library="opengl32" />
					<Add library="freetype" />
				</Linker>
			</Target>
			<Target title="Debug-Optimised">
				<Option output="../bin/Debug/WapMap_dev" prefix_auto="1" extension_auto="1" />
				<Option working_dir="../bin/Debug/" />
				<Option object_output="../obj/Debug_opt/" />
				<Option type="1" />
				<Option compiler="gcc" />
				<Compiler>
					<Add option="-Os" />
					<Add option="-O3" />
					<Add option="-O2" />
					<Add option="-O1" />
					<Add option="-O" />
					<Add option="-DBUILD_DEBUG" />
					<Add option="-DBUILD_TESTER" />
					<Add option="-DSHOWMEMUSAGE" />
				</Compiler>
				<Linker>
					<Add option="-s" />
					<Add library="Psapi" />
					<Add library="sfml-graphics-s-d" />
					<Add library="sfml-window-s-d" />
					<Add library="sfml-system-s-d" />
					<Add library="opengl32" />
					<Add library="freetype" />
				</Linker>
			</Target>
			<Target title="Debug-Opt-4Dev">
				<Option output="../bin/Debug/WapMap_devopt" prefix_auto="1" extension_auto="1" />
				<Option working_dir="../bin/Debug/" />
				<Option object_output="../obj/Debug_opt_dev/" />
				<Option type="1" />
				<Option compiler="gcc" />
				<Compiler>
					<Add option="-fexpensive-optimizations" />
					<Add option="-Os" />
					<Add option="-O2" />
					<Add option="-DBUILD_DEBUG" />
					<Add option="-DBUILD_DEVELOPER" />
					<Add option="-DSHOWMEMUSAGE" />
				</Compiler>
				<Linker>
					<Add option="-s" />
					<Add library="Psapi" />
					<Add library="sfml-graphics-s-d" />
					<Add library="sfml-window-s-d" />
					<Add library="sfml-system-s-d" />
					<Add library="opengl32" />
					<Add library="freetype" />
				</Linker>
			</Target>
		</Build>
		<Compiler>
			<Add option="-Wall" />
			<Add option="-fexceptions" />
			<Add option="-DWAP_MAP" />
			<Add option="-DWAP_TOOLS" />
			<Add option="-DSFML_STATIC" />
			<Add directory="../incl" />
			<Add directory="../../SFML-2.5.1-TDM/include" />
		</Compiler>
		<Linker>
			<Add option="-llua51" />
			<Add option="-lcurldllminimal" />
			<Add library="hgedx9" />
			<Add library="hgehelp" />
			<Add library="Comdlg32" />
			<Add library="zdll" />
			<Add library="Shell32" />
			<Add library="Ole32" />
			<Add library="Version" />
			<Add directory="../lib" />
			<Add directory="../../SFML-2.5.1-TDM/lib" />
		</Linker>
		<Unit filename="../shared/HashLib/hashlibpp.h" />
		<Unit filename="../shared/HashLib/hl_exception.h" />
		<Unit filename="../shared/HashLib/hl_hashwrapper.h" />
		<Unit filename="../shared/HashLib/hl_md5.cpp" />
		<Unit filename="../shared/HashLib/hl_md5.h" />
		<Unit filename="../shared/HashLib/hl_md5wrapper.cpp" />
		<Unit filename="../shared/HashLib/hl_md5wrapper.h" />
		<Unit filename="../shared/HashLib/hl_sha1.cpp" />
		<Unit filename="../shared/HashLib/hl_sha1.h" />
		<Unit filename="../shared/HashLib/hl_sha1wrapper.cpp" />
		<Unit filename="../shared/HashLib/hl_sha1wrapper.h" />
		<Unit filename="../shared/HashLib/hl_sha256.cpp" />
		<Unit filename="../shared/HashLib/hl_sha256.h" />
		<Unit filename="../shared/HashLib/hl_sha256wrapper.cpp" />
		<Unit filename="../shared/HashLib/hl_sha256wrapper.h" />
		<Unit filename="../shared/HashLib/hl_sha2ext.cpp" />
		<Unit filename="../shared/HashLib/hl_sha2ext.h" />
		<Unit filename="../shared/HashLib/hl_sha2mac.h" />
		<Unit filename="../shared/HashLib/hl_sha384wrapper.cpp" />
		<Unit filename="../shared/HashLib/hl_sha384wrapper.h" />
		<Unit filename="../shared/HashLib/hl_sha512wrapper.cpp" />
		<Unit filename="../shared/HashLib/hl_sha512wrapper.h" />
		<Unit filename="../shared/HashLib/hl_types.h" />
		<Unit filename="../shared/SimpleIni.h" />
		<Unit filename="../shared/cANI.cpp" />
		<Unit filename="../shared/cANI.h" />
		<Unit filename="../shared/cConsole.cpp" />
		<Unit filename="../shared/cConsole.h" />
		<Unit filename="../shared/cGUIparts.cpp" />
		<Unit filename="../shared/cGUIparts.h" />
		<Unit filename="../shared/cInterface.cpp" />
		<Unit filename="../shared/cInterface.h" />
		<Unit filename="../shared/cLang.cpp" />
		<Unit filename="../shared/cLang.h" />
		<Unit filename="../shared/cPID.cpp" />
		<Unit filename="../shared/cPID.h" />
		<Unit filename="../shared/cPieChart.cpp" />
		<Unit filename="../shared/cPieChart.h" />
		<Unit filename="../shared/cProgressInfo.h" />
		<Unit filename="../shared/cREZ.cpp" />
		<Unit filename="../shared/cREZ.h" />
		<Unit filename="../shared/cSFS.cpp" />
		<Unit filename="../shared/cSFS.h" />
		<Unit filename="../shared/cStateMgr.cpp" />
		<Unit filename="../shared/cStateMgr.h" />
		<Unit filename="../shared/cWWD.cpp" />
		<Unit filename="../shared/cWWD.h" />
		<Unit filename="../shared/commonFunc.cpp" />
		<Unit filename="../shared/commonFunc.h" />
		<Unit filename="../shared/curl/curl.h" />
		<Unit filename="../shared/curl/curlbuild.h" />
		<Unit filename="../shared/curl/curlrules.h" />
		<Unit filename="../shared/curl/curlver.h" />
		<Unit filename="../shared/curl/easy.h" />
		<Unit filename="../shared/curl/mprintf.h" />
		<Unit filename="../shared/curl/multi.h" />
		<Unit filename="../shared/curl/stdcheaders.h" />
		<Unit filename="../shared/curl/typecheck-gcc.h" />
		<Unit filename="../shared/curl/types.h" />
		<Unit filename="../shared/gcnWidgets/cTooltip.cpp" />
		<Unit filename="../shared/gcnWidgets/cTooltip.h" />
		<Unit filename="../shared/gcnWidgets/wButton.cpp" />
		<Unit filename="../shared/gcnWidgets/wButton.h" />
		<Unit filename="../shared/gcnWidgets/wCheckbox.cpp" />
		<Unit filename="../shared/gcnWidgets/wCheckbox.h" />
		<Unit filename="../shared/gcnWidgets/wComboButton.cpp" />
		<Unit filename="../shared/gcnWidgets/wComboButton.h" />
		<Unit filename="../shared/gcnWidgets/wContainer.cpp" />
		<Unit filename="../shared/gcnWidgets/wContainer.h" />
		<Unit filename="../shared/gcnWidgets/wContext.cpp" />
		<Unit filename="../shared/gcnWidgets/wContext.h" />
		<Unit filename="../shared/gcnWidgets/wDropDown.cpp" />
		<Unit filename="../shared/gcnWidgets/wDropDown.h" />
		<Unit filename="../shared/gcnWidgets/wInventory.cpp" />
		<Unit filename="../shared/gcnWidgets/wInventory.h" />
		<Unit filename="../shared/gcnWidgets/wLabel.cpp" />
		<Unit filename="../shared/gcnWidgets/wLabel.h" />
		<Unit filename="../shared/gcnWidgets/wLink.cpp" />
		<Unit filename="../shared/gcnWidgets/wLink.h" />
		<Unit filename="../shared/gcnWidgets/wListbox.cpp" />
		<Unit filename="../shared/gcnWidgets/wListbox.h" />
		<Unit filename="../shared/gcnWidgets/wProgressBar.cpp" />
		<Unit filename="../shared/gcnWidgets/wProgressBar.h" />
		<Unit filename="../shared/gcnWidgets/wRadioBut.cpp" />
		<Unit filename="../shared/gcnWidgets/wRadioBut.h" />
		<Unit filename="../shared/gcnWidgets/wScrollArea.cpp" />
		<Unit filename="../shared/gcnWidgets/wScrollArea.h" />
		<Unit filename="../shared/gcnWidgets/wSlider.cpp" />
		<Unit filename="../shared/gcnWidgets/wSlider.h" />
		<Unit filename="../shared/gcnWidgets/wTab.cpp" />
		<Unit filename="../shared/gcnWidgets/wTab.h" />
		<Unit filename="../shared/gcnWidgets/wTabbedArea.cpp" />
		<Unit filename="../shared/gcnWidgets/wTabbedArea.h" />
		<Unit filename="../shared/gcnWidgets/wTextBox.cpp" />
		<Unit filename="../shared/gcnWidgets/wTextBox.h" />
		<Unit filename="../shared/gcnWidgets/wTextDropDown.cpp" />
		<Unit filename="../shared/gcnWidgets/wTextDropDown.h" />
		<Unit filename="../shared/gcnWidgets/wTextField.cpp" />
		<Unit filename="../shared/gcnWidgets/wTextField.h" />
		<Unit filename="../shared/gcnWidgets/wWin.cpp" />
		<Unit filename="../shared/gcnWidgets/wWin.h" />
		<Unit filename="../shared/gcnWidgets/wWinMgr.cpp" />
		<Unit filename="../shared/gcnWidgets/wWinMgr.h" />
		<Unit filename="../shared/guichan/actionevent.cpp" />
		<Unit filename="../shared/guichan/basiccontainer.cpp" />
		<Unit filename="../shared/guichan/cliprectangle.cpp" />
		<Unit filename="../shared/guichan/color.cpp" />
		<Unit filename="../shared/guichan/defaultfont.cpp" />
		<Unit filename="../shared/guichan/event.cpp" />
		<Unit filename="../shared/guichan/exception.cpp" />
		<Unit filename="../shared/guichan/focushandler.cpp" />
		<Unit filename="../shared/guichan/font.cpp" />
		<Unit filename="../shared/guichan/genericinput.cpp" />
		<Unit filename="../shared/guichan/graphics.cpp" />
		<Unit filename="../shared/guichan/gui.cpp" />
		<Unit filename="../shared/guichan/guichan.cpp" />
		<Unit filename="../shared/guichan/hge/hgegraphics.cpp" />
		<Unit filename="../shared/guichan/hge/hgeimage.cpp" />
		<Unit filename="../shared/guichan/hge/hgeimagefont.cpp" />
		<Unit filename="../shared/guichan/hge/hgeimageloader.cpp" />
		<Unit filename="../shared/guichan/hge/hgeinput.cpp" />
		<Unit filename="../shared/guichan/image.cpp" />
		<Unit filename="../shared/guichan/imagefont.cpp" />
		<Unit filename="../shared/guichan/inputevent.cpp" />
		<Unit filename="../shared/guichan/key.cpp" />
		<Unit filename="../shared/guichan/keyevent.cpp" />
		<Unit filename="../shared/guichan/keyinput.cpp" />
		<Unit filename="../shared/guichan/mouseevent.cpp" />
		<Unit filename="../shared/guichan/mouseinput.cpp" />
		<Unit filename="../shared/guichan/rectangle.cpp" />
		<Unit filename="../shared/guichan/selectionevent.cpp" />
		<Unit filename="../shared/guichan/widget.cpp" />
		<Unit filename="../shared/guichan/widgets/container.cpp" />
		<Unit filename="../shared/lua/lauxlib.h" />
		<Unit filename="../shared/lua/lua.h" />
		<Unit filename="../shared/lua/lua.hpp" />
		<Unit filename="../shared/lua/luaconf.h" />
		<Unit filename="../shared/lua/lualib.h" />
		<Unit filename="bodyQuadTree.cpp" />
		<Unit filename="bodyQuadTree.h" />
		<Unit filename="cActionsMgr.cpp">
			<Option target="&lt;{~None~}&gt;" />
		</Unit>
		<Unit filename="cActionsMgr.h">
			<Option target="&lt;{~None~}&gt;" />
		</Unit>
		<Unit filename="cAppMenu.cpp" />
		<Unit filename="cAppMenu.h" />
		<Unit filename="cAutoUpdater.cpp" />
		<Unit filename="cAutoUpdater.h" />
		<Unit filename="cBrush.cpp" />
		<Unit filename="cBrush.h" />
		<Unit filename="cColorPicker.cpp" />
		<Unit filename="cColorPicker.h" />
		<Unit filename="cControllerIPC.cpp" />
		<Unit filename="cControllerIPC.h" />
		<Unit filename="cDataController.cpp" />
		<Unit filename="cDataController.h" />
		<Unit filename="cFileSystem.cpp" />
		<Unit filename="cFileSystem.h" />
		<Unit filename="cInterfaceSheet.h" />
		<Unit filename="cInventoryController.cpp" />
		<Unit filename="cInventoryController.h" />
		<Unit filename="cLogicsBank.h" />
		<Unit filename="cMDI.cpp" />
		<Unit filename="cMDI.h" />
		<Unit filename="cMRUList.cpp" />
		<Unit filename="cMRUList.h" />
		<Unit filename="cModeMenuBar.cpp" />
		<Unit filename="cModeMenuBar.h" />
		<Unit filename="cNativeController.cpp" />
		<Unit filename="cNativeController.h" />
		<Unit filename="cObjectUserData.cpp" />
		<Unit filename="cObjectUserData.h" />
		<Unit filename="cParallelLoop.cpp" />
		<Unit filename="cParallelLoop.h" />
		<Unit filename="cPhysics.cpp" />
		<Unit filename="cPhysics.h" />
		<Unit filename="cRulers.cpp" />
		<Unit filename="cRulers.h" />
		<Unit filename="cSoundPlayer.cpp" />
		<Unit filename="cSoundPlayer.h" />
		<Unit filename="cTextureAtlas.cpp" />
		<Unit filename="cTextureAtlas.h" />
		<Unit filename="cTileGhost.h" />
		<Unit filename="conf.h" />
		<Unit filename="databanks/anims.cpp" />
		<Unit filename="databanks/anims.h" />
		<Unit filename="databanks/imageSets.cpp" />
		<Unit filename="databanks/imageSets.h" />
		<Unit filename="databanks/logics.cpp" />
		<Unit filename="databanks/logics.h" />
		<Unit filename="databanks/sounds.cpp" />
		<Unit filename="databanks/sounds.h" />
		<Unit filename="databanks/tiles.cpp" />
		<Unit filename="databanks/tiles.h" />
		<Unit filename="funcConsole.cpp" />
		<Unit filename="funcConsole.h" />
		<Unit filename="globals.cpp" />
		<Unit filename="globals.h" />
		<Unit filename="globlua.cpp" />
		<Unit filename="globlua.h" />
		<Unit filename="io/cWWDx.cpp" />
		<Unit filename="io/cWWDx.h" />
		<Unit filename="langID.h" />
		<Unit filename="main.cpp" />
		<Unit filename="objEdit/editAmbient.cpp" />
		<Unit filename="objEdit/editAmbient.h" />
		<Unit filename="objEdit/editBreakPlank.cpp" />
		<Unit filename="objEdit/editBreakPlank.h" />
		<Unit filename="objEdit/editCandy.cpp" />
		<Unit filename="objEdit/editCandy.h" />
		<Unit filename="objEdit/editCheckpoint.cpp" />
		<Unit filename="objEdit/editCheckpoint.h" />
		<Unit filename="objEdit/editCrabNest.cpp" />
		<Unit filename="objEdit/editCrabNest.h" />
		<Unit filename="objEdit/editCrate.cpp" />
		<Unit filename="objEdit/editCrate.h" />
		<Unit filename="objEdit/editCrumblingPeg.cpp" />
		<Unit filename="objEdit/editCrumblingPeg.h" />
		<Unit filename="objEdit/editCurse.cpp" />
		<Unit filename="objEdit/editCurse.h" />
		<Unit filename="objEdit/editDialog.cpp" />
		<Unit filename="objEdit/editDialog.h" />
		<Unit filename="objEdit/editElevPath.cpp" />
		<Unit filename="objEdit/editElevPath.h" />
		<Unit filename="objEdit/editElevator.cpp" />
		<Unit filename="objEdit/editElevator.h" />
		<Unit filename="objEdit/editEnemy.cpp" />
		<Unit filename="objEdit/editEnemy.h" />
		<Unit filename="objEdit/editHealth.cpp" />
		<Unit filename="objEdit/editHealth.h" />
		<Unit filename="objEdit/editLaser.cpp" />
		<Unit filename="objEdit/editLaser.h" />
		<Unit filename="objEdit/editProjectile.cpp" />
		<Unit filename="objEdit/editProjectile.h" />
		<Unit filename="objEdit/editRope.cpp" />
		<Unit filename="objEdit/editRope.h" />
		<Unit filename="objEdit/editShake.cpp" />
		<Unit filename="objEdit/editShake.h" />
		<Unit filename="objEdit/editSpecialPowerup.cpp" />
		<Unit filename="objEdit/editSpecialPowerup.h" />
		<Unit filename="objEdit/editSpringboard.cpp" />
		<Unit filename="objEdit/editSpringboard.h" />
		<Unit filename="objEdit/editStalactite.cpp" />
		<Unit filename="objEdit/editStalactite.h" />
		<Unit filename="objEdit/editStatue.cpp" />
		<Unit filename="objEdit/editStatue.h" />
		<Unit filename="objEdit/editText.cpp" />
		<Unit filename="objEdit/editText.h" />
		<Unit filename="objEdit/editTits.cpp" />
		<Unit filename="objEdit/editTits.h" />
		<Unit filename="objEdit/editTogglePeg.cpp" />
		<Unit filename="objEdit/editTogglePeg.h" />
		<Unit filename="objEdit/editTreasure.cpp" />
		<Unit filename="objEdit/editTreasure.h" />
		<Unit filename="objEdit/editWallCannon.cpp" />
		<Unit filename="objEdit/editWallCannon.h" />
		<Unit filename="objEdit/editWarp.cpp" />
		<Unit filename="objEdit/editWarp.h" />
		<Unit filename="objEdit/procPickRect.cpp" />
		<Unit filename="objEdit/procPickRect.h" />
		<Unit filename="objEdit/winInventoryPickbox.cpp" />
		<Unit filename="objEdit/winInventoryPickbox.h" />
		<Unit filename="objQuadTree.cpp" />
		<Unit filename="objQuadTree.h" />
		<Unit filename="rendering/cRenderableItem.cpp" />
		<Unit filename="rendering/cRenderableItem.h" />
		<Unit filename="res.rc">
			<Option compilerVar="WINDRES" />
		</Unit>
		<Unit filename="returncodes.cpp" />
		<Unit filename="returncodes.h" />
		<Unit filename="states/codeEditor.cpp" />
		<Unit filename="states/codeEditor.h" />
		<Unit filename="states/editing_ww.cpp" />
		<Unit filename="states/editing_ww.h" />
		<Unit filename="states/editing_ww/alActionListener.cpp" />
		<Unit filename="states/editing_ww/cLayerRenderBuffer.cpp" />
		<Unit filename="states/editing_ww/lmListModel.cpp" />
		<Unit filename="states/editing_ww/modeObject.cpp" />
		<Unit filename="states/editing_ww/modeTile.cpp" />
		<Unit filename="states/editing_ww/procHotkeysHandle.cpp" />
		<Unit filename="states/editing_ww/rendering.cpp" />
		<Unit filename="states/editing_ww/vPort.cpp" />
		<Unit filename="states/editing_ww/vpCallback.cpp" />
		<Unit filename="states/editing_ww/winDatabase.cpp" />
		<Unit filename="states/editing_ww/winFirstRun.cpp" />
		<Unit filename="states/editing_ww/winNewMap.cpp" />
		<Unit filename="states/editing_ww/winPlaneProperties.cpp" />
		<Unit filename="states/error.cpp" />
		<Unit filename="states/error.h" />
		<Unit filename="states/imageDetails.cpp" />
		<Unit filename="states/imageDetails.h" />
		<Unit filename="states/imageImport.cpp" />
		<Unit filename="states/imageImport.h" />
		<Unit filename="states/loadmap.cpp" />
		<Unit filename="states/loadmap.h" />
		<Unit filename="states/mapshot.cpp" />
		<Unit filename="states/mapshot.h" />
		<Unit filename="states/objedit.cpp" />
		<Unit filename="states/objedit.h" />
		<Unit filename="states/objprop.cpp" />
		<Unit filename="states/objprop.h" />
		<Unit filename="states/stats.cpp" />
		<Unit filename="states/stats.h" />
		<Unit filename="vpFocusWidg.cpp" />
		<Unit filename="vpFocusWidg.h" />
		<Unit filename="wViewport.cpp" />
		<Unit filename="wViewport.h" />
		<Unit filename="windows/about.cpp" />
		<Unit filename="windows/about.h" />
		<Unit filename="windows/imgsetBrowser.cpp" />
		<Unit filename="windows/imgsetBrowser.h" />
		<Unit filename="windows/options.cpp" />
		<Unit filename="windows/options.h" />
		<Unit filename="windows/tileBrowser.cpp" />
		<Unit filename="windows/tileBrowser.h" />
		<Unit filename="windows/window.h" />
		<Unit filename="windows/worldProperties.cpp" />
		<Unit filename="windows/worldProperties.h" />
		<Extensions>
			<code_completion />
			<envvars />
			<debugger />
			<lib_finder disable_auto="1" />
		</Extensions>
	</Project>
</CodeBlocks_project_file>
